
Microsoft Visual Studio Solution File, Format Version 12.00
# Visual Studio Version 17
VisualStudioVersion = 17.8.0.0
MinimumVisualStudioVersion = 10.0.40219.1
Project("{FAE04EC0-301F-11D3-BF4B-00C04F79EFBC}") = "TechTeaStudio.Auth", "TechTeaStudio.Auth\TechTeaStudio.Auth.csproj", "{B1A1A1A1-1111-4111-8111-111111111111}"
EndProject
Project("{FAE04EC0-301F-11D3-BF4B-00C04F79EFBC}") = "TechTeaStudio.Auth.Tests", "TechTeaStudio.Auth.Tests\TechTeaStudio.Auth.Tests.csproj", "{B2A2A2A2-2222-4222-8222-222222222222}"
EndProject
Project("{FAE04EC0-301F-11D3-BF4B-00C04F79EFBC}") = "TechTeaStudio.Auth.Swashbuckle", "..\TechTeaStudio.Auth.Swashbuckle\TechTeaStudio.Auth.Swashbuckle\TechTeaStudio.Auth.Swashbuckle.csproj", "{2CEDD34F-A8DB-405D-AB33-57217A05E29B}"
EndProject
Project("{FAE04EC0-301F-11D3-BF4B-00C04F79EFBC}") = "TechTeaStudio.Auth.EFCore", "..\TechTeaStudio.Auth.EFCore\TechTeaStudio.Auth.EFCore\TechTeaStudio.Auth.EFCore.csproj", "{7E3C58E0-47AD-4B85-B647-C5C49B80AA8D}"
EndProject
Project("{FAE04EC0-301F-11D3-BF4B-00C04F79EFBC}") = "TechTeaStudio.Auth.Redis", "..\TechTeaStudio.Auth.Redis\TechTeaStudio.Auth.Redis\TechTeaStudio.Auth.Redis.csproj", "{EF98D2D3-510F-49AA-A87F-E3C0074A6D94}"
EndProject
Project("{FAE04EC0-301F-11D3-BF4B-00C04F79EFBC}") = "TechTeaStudio.Auth.Benchmarks", "..\TechTeaStudio.Auth.Benchmarks\TechTeaStudio.Auth.Benchmarks.csproj", "{FD72A909-FEA7-441A-940F-67AF71EF528E}"
EndProject
Project("{FAE04EC0-301F-11D3-BF4B-00C04F79EFBC}") = "MinimalApi", "..\..\samples\MinimalApi\MinimalApi.csproj", "{42ED9FB9-DF56-4F16-BC20-3E4AD0E87AA6}"
EndProject
Project("{FAE04EC0-301F-11D3-BF4B-00C04F79EFBC}") = "BlazorServer", "..\..\samples\BlazorServer\BlazorServer.csproj", "{2DD20097-64BE-42C9-A5D0-C2D4390FB859}"
EndProject
Global
	GlobalSection(SolutionConfigurationPlatforms) = preSolution
		Debug|Any CPU = Debug|Any CPU
		Debug|x64 = Debug|x64
		Debug|x86 = Debug|x86
		Release|Any CPU = Release|Any CPU
		Release|x64 = Release|x64
		Release|x86 = Release|x86
	EndGlobalSection
	GlobalSection(ProjectConfigurationPlatforms) = postSolution
		{B1A1A1A1-1111-4111-8111-111111111111}.Debug|Any CPU.ActiveCfg = Debug|Any CPU
		{B1A1A1A1-1111-4111-8111-111111111111}.Debug|Any CPU.Build.0 = Debug|Any CPU
		{B1A1A1A1-1111-4111-8111-111111111111}.Debug|x64.ActiveCfg = Debug|Any CPU
		{B1A1A1A1-1111-4111-8111-111111111111}.Debug|x64.Build.0 = Debug|Any CPU
		{B1A1A1A1-1111-4111-8111-111111111111}.Debug|x86.ActiveCfg = Debug|Any CPU
		{B1A1A1A1-1111-4111-8111-111111111111}.Debug|x86.Build.0 = Debug|Any CPU
		{B1A1A1A1-1111-4111-8111-111111111111}.Release|Any CPU.ActiveCfg = Release|Any CPU
		{B1A1A1A1-1111-4111-8111-111111111111}.Release|Any CPU.Build.0 = Release|Any CPU
		{B1A1A1A1-1111-4111-8111-111111111111}.Release|x64.ActiveCfg = Release|Any CPU
		{B1A1A1A1-1111-4111-8111-111111111111}.Release|x64.Build.0 = Release|Any CPU
		{B1A1A1A1-1111-4111-8111-111111111111}.Release|x86.ActiveCfg = Release|Any CPU
		{B1A1A1A1-1111-4111-8111-111111111111}.Release|x86.Build.0 = Release|Any CPU
		{B2A2A2A2-2222-4222-8222-222222222222}.Debug|Any CPU.ActiveCfg = Debug|Any CPU
		{B2A2A2A2-2222-4222-8222-222222222222}.Debug|Any CPU.Build.0 = Debug|Any CPU
		{B2A2A2A2-2222-4222-8222-222222222222}.Debug|x64.ActiveCfg = Debug|Any CPU
		{B2A2A2A2-2222-4222-8222-222222222222}.Debug|x64.Build.0 = Debug|Any CPU
		{B2A2A2A2-2222-4222-8222-222222222222}.Debug|x86.ActiveCfg = Debug|Any CPU
		{B2A2A2A2-2222-4222-8222-222222222222}.Debug|x86.Build.0 = Debug|Any CPU
		{B2A2A2A2-2222-4222-8222-222222222222}.Release|Any CPU.ActiveCfg = Release|Any CPU
		{B2A2A2A2-2222-4222-8222-222222222222}.Release|Any CPU.Build.0 = Release|Any CPU
		{B2A2A2A2-2222-4222-8222-222222222222}.Release|x64.ActiveCfg = Release|Any CPU
		{B2A2A2A2-2222-4222-8222-222222222222}.Release|x64.Build.0 = Release|Any CPU
		{B2A2A2A2-2222-4222-8222-222222222222}.Release|x86.ActiveCfg = Release|Any CPU
		{B2A2A2A2-2222-4222-8222-222222222222}.Release|x86.Build.0 = Release|Any CPU
		{2CEDD34F-A8DB-405D-AB33-57217A05E29B}.Debug|Any CPU.ActiveCfg = Debug|Any CPU
		{2CEDD34F-A8DB-405D-AB33-57217A05E29B}.Debug|Any CPU.Build.0 = Debug|Any CPU
		{2CEDD34F-A8DB-405D-AB33-57217A05E29B}.Debug|x64.ActiveCfg = Debug|Any CPU
		{2CEDD34F-A8DB-405D-AB33-57217A05E29B}.Debug|x64.Build.0 = Debug|Any CPU
		{2CEDD34F-A8DB-405D-AB33-57217A05E29B}.Debug|x86.ActiveCfg = Debug|Any CPU
		{2CEDD34F-A8DB-405D-AB33-57217A05E29B}.Debug|x86.Build.0 = Debug|Any CPU
		{2CEDD34F-A8DB-405D-AB33-57217A05E29B}.Release|Any CPU.ActiveCfg = Release|Any CPU
		{2CEDD34F-A8DB-405D-AB33-57217A05E29B}.Release|Any CPU.Build.0 = Release|Any CPU
		{2CEDD34F-A8DB-405D-AB33-57217A05E29B}.Release|x64.ActiveCfg = Release|Any CPU
		{2CEDD34F-A8DB-405D-AB33-57217A05E29B}.Release|x64.Build.0 = Release|Any CPU
		{2CEDD34F-A8DB-405D-AB33-57217A05E29B}.Release|x86.ActiveCfg = Release|Any CPU
		{2CEDD34F-A8DB-405D-AB33-57217A05E29B}.Release|x86.Build.0 = Release|Any CPU
		{7E3C58E0-47AD-4B85-B647-C5C49B80AA8D}.Debug|Any CPU.ActiveCfg = Debug|Any CPU
		{7E3C58E0-47AD-4B85-B647-C5C49B80AA8D}.Debug|Any CPU.Build.0 = Debug|Any CPU
		{7E3C58E0-47AD-4B85-B647-C5C49B80AA8D}.Debug|x64.ActiveCfg = Debug|Any CPU
		{7E3C58E0-47AD-4B85-B647-C5C49B80AA8D}.Debug|x64.Build.0 = Debug|Any CPU
		{7E3C58E0-47AD-4B85-B647-C5C49B80AA8D}.Debug|x86.ActiveCfg = Debug|Any CPU
		{7E3C58E0-47AD-4B85-B647-C5C49B80AA8D}.Debug|x86.Build.0 = Debug|Any CPU
		{7E3C58E0-47AD-4B85-B647-C5C49B80AA8D}.Release|Any CPU.ActiveCfg = Release|Any CPU
		{7E3C58E0-47AD-4B85-B647-C5C49B80AA8D}.Release|Any CPU.Build.0 = Release|Any CPU
		{7E3C58E0-47AD-4B85-B647-C5C49B80AA8D}.Release|x64.ActiveCfg = Release|Any CPU
		{7E3C58E0-47AD-4B85-B647-C5C49B80AA8D}.Release|x64.Build.0 = Release|Any CPU
		{7E3C58E0-47AD-4B85-B647-C5C49B80AA8D}.Release|x86.ActiveCfg = Release|Any CPU
		{7E3C58E0-47AD-4B85-B647-C5C49B80AA8D}.Release|x86.Build.0 = Release|Any CPU
		{EF98D2D3-510F-49AA-A87F-E3C0074A6D94}.Debug|Any CPU.ActiveCfg = Debug|Any CPU
		{EF98D2D3-510F-49AA-A87F-E3C0074A6D94}.Debug|Any CPU.Build.0 = Debug|Any CPU
		{EF98D2D3-510F-49AA-A87F-E3C0074A6D94}.Debug|x64.ActiveCfg = Debug|Any CPU
		{EF98D2D3-510F-49AA-A87F-E3C0074A6D94}.Debug|x64.Build.0 = Debug|Any CPU
		{EF98D2D3-510F-49AA-A87F-E3C0074A6D94}.Debug|x86.ActiveCfg = Debug|Any CPU
		{EF98D2D3-510F-49AA-A87F-E3C0074A6D94}.Debug|x86.Build.0 = Debug|Any CPU
		{EF98D2D3-510F-49AA-A87F-E3C0074A6D94}.Release|Any CPU.ActiveCfg = Release|Any CPU
		{EF98D2D3-510F-49AA-A87F-E3C0074A6D94}.Release|Any CPU.Build.0 = Release|Any CPU
		{EF98D2D3-510F-49AA-A87F-E3C0074A6D94}.Release|x64.ActiveCfg = Release|Any CPU
		{EF98D2D3-510F-49AA-A87F-E3C0074A6D94}.Release|x64.Build.0 = Release|Any CPU
		{EF98D2D3-510F-49AA-A87F-E3C0074A6D94}.Release|x86.ActiveCfg = Release|Any CPU
		{EF98D2D3-510F-49AA-A87F-E3C0074A6D94}.Release|x86.Build.0 = Release|Any CPU
		{FD72A909-FEA7-441A-940F-67AF71EF528E}.Debug|Any CPU.ActiveCfg = Debug|Any CPU
		{FD72A909-FEA7-441A-940F-67AF71EF528E}.Debug|Any CPU.Build.0 = Debug|Any CPU
		{FD72A909-FEA7-441A-940F-67AF71EF528E}.Debug|x64.ActiveCfg = Debug|Any CPU
		{FD72A909-FEA7-441A-940F-67AF71EF528E}.Debug|x64.Build.0 = Debug|Any CPU
		{FD72A909-FEA7-441A-940F-67AF71EF528E}.Debug|x86.ActiveCfg = Debug|Any CPU
		{FD72A909-FEA7-441A-940F-67AF71EF528E}.Debug|x86.Build.0 = Debug|Any CPU
		{FD72A909-FEA7-441A-940F-67AF71EF528E}.Release|Any CPU.ActiveCfg = Release|Any CPU
		{FD72A909-FEA7-441A-940F-67AF71EF528E}.Release|Any CPU.Build.0 = Release|Any CPU
		{FD72A909-FEA7-441A-940F-67AF71EF528E}.Release|x64.ActiveCfg = Release|Any CPU
		{FD72A909-FEA7-441A-940F-67AF71EF528E}.Release|x64.Build.0 = Release|Any CPU
		{FD72A909-FEA7-441A-940F-67AF71EF528E}.Release|x86.ActiveCfg = Release|Any CPU
		{FD72A909-FEA7-441A-940F-67AF71EF528E}.Release|x86.Build.0 = Release|Any CPU
		{42ED9FB9-DF56-4F16-BC20-3E4AD0E87AA6}.Debug|Any CPU.ActiveCfg = Debug|Any CPU
		{42ED9FB9-DF56-4F16-BC20-3E4AD0E87AA6}.Debug|Any CPU.Build.0 = Debug|Any CPU
		{42ED9FB9-DF56-4F16-BC20-3E4AD0E87AA6}.Debug|x64.ActiveCfg = Debug|Any CPU
		{42ED9FB9-DF56-4F16-BC20-3E4AD0E87AA6}.Debug|x64.Build.0 = Debug|Any CPU
		{42ED9FB9-DF56-4F16-BC20-3E4AD0E87AA6}.Debug|x86.ActiveCfg = Debug|Any CPU
		{42ED9FB9-DF56-4F16-BC20-3E4AD0E87AA6}.Debug|x86.Build.0 = Debug|Any CPU
		{42ED9FB9-DF56-4F16-BC20-3E4AD0E87AA6}.Release|Any CPU.ActiveCfg = Release|Any CPU
		{42ED9FB9-DF56-4F16-BC20-3E4AD0E87AA6}.Release|Any CPU.Build.0 = Release|Any CPU
		{42ED9FB9-DF56-4F16-BC20-3E4AD0E87AA6}.Release|x64.ActiveCfg = Release|Any CPU
		{42ED9FB9-DF56-4F16-BC20-3E4AD0E87AA6}.Release|x64.Build.0 = Release|Any CPU
		{42ED9FB9-DF56-4F16-BC20-3E4AD0E87AA6}.Release|x86.ActiveCfg = Release|Any CPU
		{42ED9FB9-DF56-4F16-BC20-3E4AD0E87AA6}.Release|x86.Build.0 = Release|Any CPU
		{2DD20097-64BE-42C9-A5D0-C2D4390FB859}.Debug|Any CPU.ActiveCfg = Debug|Any CPU
		{2DD20097-64BE-42C9-A5D0-C2D4390FB859}.Debug|Any CPU.Build.0 = Debug|Any CPU
		{2DD20097-64BE-42C9-A5D0-C2D4390FB859}.Debug|x64.ActiveCfg = Debug|Any CPU
		{2DD20097-64BE-42C9-A5D0-C2D4390FB859}.Debug|x64.Build.0 = Debug|Any CPU
		{2DD20097-64BE-42C9-A5D0-C2D4390FB859}.Debug|x86.ActiveCfg = Debug|Any CPU
		{2DD20097-64BE-42C9-A5D0-C2D4390FB859}.Debug|x86.Build.0 = Debug|Any CPU
		{2DD20097-64BE-42C9-A5D0-C2D4390FB859}.Release|Any CPU.ActiveCfg = Release|Any CPU
		{2DD20097-64BE-42C9-A5D0-C2D4390FB859}.Release|Any CPU.Build.0 = Release|Any CPU
		{2DD20097-64BE-42C9-A5D0-C2D4390FB859}.Release|x64.ActiveCfg = Release|Any CPU
		{2DD20097-64BE-42C9-A5D0-C2D4390FB859}.Release|x64.Build.0 = Release|Any CPU
		{2DD20097-64BE-42C9-A5D0-C2D4390FB859}.Release|x86.ActiveCfg = Release|Any CPU
		{2DD20097-64BE-42C9-A5D0-C2D4390FB859}.Release|x86.Build.0 = Release|Any CPU
	EndGlobalSection
	GlobalSection(SolutionProperties) = preSolution
		HideSolutionNode = FALSE
	EndGlobalSection
EndGlobal
